
Microsoft Visual Studio Solution File, Format Version 12.00
# Visual Studio Version 17
VisualStudioVersion = 17.8.34309.116
MinimumVisualStudioVersion = 10.0.40219.1
Project("{FAE04EC0-301F-11D3-BF4B-00C04F79EFBC}") = "ConsoleApp1", "ConsoleApp1\ConsoleApp1.csproj", "{AA7622C7-4702-44C3-BF84-5BD9FAFCA9D1}"
EndProject
Global
	GlobalSection(SolutionConfigurationPlatforms) = preSolution
		Debug|Any CPU = Debug|Any CPU
		Release|Any CPU = Release|Any CPU
	EndGlobalSection
	GlobalSection(ProjectConfigurationPlatforms) = postSolution
		{AA7622C7-4702-44C3-BF84-5BD9FAFCA9D1}.Debug|Any CPU.ActiveCfg = Debug|Any CPU
		{AA7622C7-4702-44C3-BF84-5BD9FAFCA9D1}.Debug|Any CPU.Build.0 = Debug|Any CPU
		{AA7622C7-4702-44C3-BF84-5BD9FAFCA9D1}.Release|Any CPU.ActiveCfg = Release|Any CPU
		{AA7622C7-4702-44C3-BF84-5BD9FAFCA9D1}.Release|Any CPU.Build.0 = Release|Any CPU
	EndGlobalSection
	GlobalSection(SolutionProperties) = preSolution
		HideSolutionNode = FALSE
	EndGlobalSection
	GlobalSection(ExtensibilityGlobals) = postSolution
		SolutionGuid = {548BABD7-392E-41FE-905D-8AF0AED7F3F1}
	EndGlobalSection
EndGlobal
